// !$*UTF8*$!
{
	archiveVersion = 1;
	classes = {
	};
	objectVersion = 46;
	objects = {

/* Begin PBXBuildFile section */
		878587471D89CFDC008689F0 /* main.cpp in Sources */ = {isa = PBXBuildFile; fileRef = 878587461D89CFDC008689F0 /* main.cpp */; };
		878587A71D89D56E008689F0 /* libplist.3.dylib in Frameworks */ = {isa = PBXBuildFile; fileRef = 878587A61D89D56E008689F0 /* libplist.3.dylib */; };
		878587AB1D89D590008689F0 /* libimobiledevice.6.dylib in Frameworks */ = {isa = PBXBuildFile; fileRef = 878587AA1D89D590008689F0 /* libimobiledevice.6.dylib */; };
		878587AD1D89D59E008689F0 /* libz.tbd in Frameworks */ = {isa = PBXBuildFile; fileRef = 878587AC1D89D59E008689F0 /* libz.tbd */; };
		878587AF1D89D5A5008689F0 /* libcurl.tbd in Frameworks */ = {isa = PBXBuildFile; fileRef = 878587AE1D89D5A5008689F0 /* libcurl.tbd */; };
		878587B71D89D637008689F0 /* libirecovery.2.dylib in Frameworks */ = {isa = PBXBuildFile; fileRef = 878587B61D89D637008689F0 /* libirecovery.2.dylib */; };
		8788A6811EE8426A00138E07 /* libipatcher.0.dylib in Frameworks */ = {isa = PBXBuildFile; fileRef = 8788A6801EE8426A00138E07 /* libipatcher.0.dylib */; };
		8788A6831EE8544000138E07 /* jssy.c in Sources */ = {isa = PBXBuildFile; fileRef = 8788A6821EE8544000138E07 /* jssy.c */; };
		878E1AC51F73EB3F00B1565B /* libzip.5.dylib in Frameworks */ = {isa = PBXBuildFile; fileRef = 878E1AC41F73EB3F00B1565B /* libzip.5.dylib */; };
		8799B0B21D89D99D002F4D5F /* futurerestore.cpp in Sources */ = {isa = PBXBuildFile; fileRef = 8799B0B01D89D99D002F4D5F /* futurerestore.cpp */; };
		8799B0B31D89DAE7002F4D5F /* idevicerestore.c in Sources */ = {isa = PBXBuildFile; fileRef = 8785875C1D89D1C1008689F0 /* idevicerestore.c */; settings = {COMPILER_FLAGS = "-D HAVE_CONFIG_H=1 "; }; };
		8799B0B41D89DAF6002F4D5F /* tss.c in Sources */ = {isa = PBXBuildFile; fileRef = 878587761D89D1C1008689F0 /* tss.c */; };
		8799B0B51D89DAFF002F4D5F /* common.c in Sources */ = {isa = PBXBuildFile; fileRef = 878587511D89D1C1008689F0 /* common.c */; };
		8799B0B61D89DAFF002F4D5F /* dfu.c in Sources */ = {isa = PBXBuildFile; fileRef = 878587531D89D1C1008689F0 /* dfu.c */; };
		8799B0B71D89DAFF002F4D5F /* normal.c in Sources */ = {isa = PBXBuildFile; fileRef = 8785876C1D89D1C1008689F0 /* normal.c */; };
		8799B0B81D89DAFF002F4D5F /* recovery.c in Sources */ = {isa = PBXBuildFile; fileRef = 8785876E1D89D1C1008689F0 /* recovery.c */; };
		8799B0B91D89DB0D002F4D5F /* img3.c in Sources */ = {isa = PBXBuildFile; fileRef = 8785875E1D89D1C1008689F0 /* img3.c */; };
		8799B0BB1D89DB12002F4D5F /* download.c in Sources */ = {isa = PBXBuildFile; fileRef = 878587551D89D1C1008689F0 /* download.c */; };
		8799B0BC1D89DB27002F4D5F /* ipsw.c in Sources */ = {isa = PBXBuildFile; fileRef = 878587621D89D1C1008689F0 /* ipsw.c */; };
		8799B0BD1D89DB27002F4D5F /* limera1n.c in Sources */ = {isa = PBXBuildFile; fileRef = 878587641D89D1C1008689F0 /* limera1n.c */; };
		8799B0BE1D89DB27002F4D5F /* restore.c in Sources */ = {isa = PBXBuildFile; fileRef = 878587701D89D1C1008689F0 /* restore.c */; };
		8799B0BF1D89DB38002F4D5F /* asr.c in Sources */ = {isa = PBXBuildFile; fileRef = 8785874F1D89D1C1008689F0 /* asr.c */; };
		8799B0C01D89DB38002F4D5F /* fdr.c in Sources */ = {isa = PBXBuildFile; fileRef = 878587581D89D1C1008689F0 /* fdr.c */; };
		8799B0C11D89DB38002F4D5F /* fls.c in Sources */ = {isa = PBXBuildFile; fileRef = 8785875A1D89D1C1008689F0 /* fls.c */; };
		8799B0C21D89DB46002F4D5F /* thread.c in Sources */ = {isa = PBXBuildFile; fileRef = 878587741D89D1C1008689F0 /* thread.c */; };
		8799B0C31D89DB4B002F4D5F /* socket.c in Sources */ = {isa = PBXBuildFile; fileRef = 878587721D89D1C1008689F0 /* socket.c */; };
		8799B0C41D89DB55002F4D5F /* mbn.c in Sources */ = {isa = PBXBuildFile; fileRef = 8785876A1D89D1C1008689F0 /* mbn.c */; };
		8799B0C51D89DB67002F4D5F /* locking.c in Sources */ = {isa = PBXBuildFile; fileRef = 878587671D89D1C1008689F0 /* locking.c */; };
		8799B0C81D89E2BD002F4D5F /* img4tool.c in Sources */ = {isa = PBXBuildFile; fileRef = 878587901D89D1ED008689F0 /* img4tool.c */; settings = {COMPILER_FLAGS = "-D HAVE_CONFIG_H=1 "; }; };
		8799B0C91D89E2C3002F4D5F /* img4.c in Sources */ = {isa = PBXBuildFile; fileRef = 8785878E1D89D1ED008689F0 /* img4.c */; };
		8799B0CA1D89E371002F4D5F /* img4.c in Sources */ = {isa = PBXBuildFile; fileRef = 878587601D89D1C1008689F0 /* img4.c */; };
		8799B0CB1D89F796002F4D5F /* tsschecker.c in Sources */ = {isa = PBXBuildFile; fileRef = 8785879F1D89D2BA008689F0 /* tsschecker.c */; };
		8799B0CC1D89F7B9002F4D5F /* download.c in Sources */ = {isa = PBXBuildFile; fileRef = 878587981D89D2BA008689F0 /* download.c */; };
		87F574CB1E151E97008D5C4D /* libfragmentzip.0.dylib in Frameworks */ = {isa = PBXBuildFile; fileRef = 87F574CA1E151E97008D5C4D /* libfragmentzip.0.dylib */; };
		87F574D01E151F44008D5C4D /* libcrypto.dylib in Frameworks */ = {isa = PBXBuildFile; fileRef = 87F574C51E151D42008D5C4D /* libcrypto.dylib */; };
/* End PBXBuildFile section */

/* Begin PBXCopyFilesBuildPhase section */
		878587411D89CFDC008689F0 /* CopyFiles */ = {
			isa = PBXCopyFilesBuildPhase;
			buildActionMask = 2147483647;
			dstPath = /usr/share/man/man1/;
			dstSubfolderSpec = 0;
			files = (
			);
			runOnlyForDeploymentPostprocessing = 1;
		};
/* End PBXCopyFilesBuildPhase section */

/* Begin PBXFileReference section */
		878587431D89CFDC008689F0 /* futurerestore */ = {isa = PBXFileReference; explicitFileType = "compiled.mach-o.executable"; includeInIndex = 0; path = futurerestore; sourceTree = BUILT_PRODUCTS_DIR; };
		878587461D89CFDC008689F0 /* main.cpp */ = {isa = PBXFileReference; lastKnownFileType = sourcecode.cpp.cpp; path = main.cpp; sourceTree = "<group>"; };
		8785874F1D89D1C1008689F0 /* asr.c */ = {isa = PBXFileReference; fileEncoding = 4; lastKnownFileType = sourcecode.c.c; path = asr.c; sourceTree = "<group>"; };
		878587501D89D1C1008689F0 /* asr.h */ = {isa = PBXFileReference; fileEncoding = 4; lastKnownFileType = sourcecode.c.h; path = asr.h; sourceTree = "<group>"; };
		878587511D89D1C1008689F0 /* common.c */ = {isa = PBXFileReference; fileEncoding = 4; lastKnownFileType = sourcecode.c.c; path = common.c; sourceTree = "<group>"; };
		878587521D89D1C1008689F0 /* common.h */ = {isa = PBXFileReference; fileEncoding = 4; lastKnownFileType = sourcecode.c.h; path = common.h; sourceTree = "<group>"; };
		878587531D89D1C1008689F0 /* dfu.c */ = {isa = PBXFileReference; fileEncoding = 4; lastKnownFileType = sourcecode.c.c; path = dfu.c; sourceTree = "<group>"; };
		878587541D89D1C1008689F0 /* dfu.h */ = {isa = PBXFileReference; fileEncoding = 4; lastKnownFileType = sourcecode.c.h; path = dfu.h; sourceTree = "<group>"; };
		878587551D89D1C1008689F0 /* download.c */ = {isa = PBXFileReference; fileEncoding = 4; lastKnownFileType = sourcecode.c.c; path = download.c; sourceTree = "<group>"; };
		878587561D89D1C1008689F0 /* download.h */ = {isa = PBXFileReference; fileEncoding = 4; lastKnownFileType = sourcecode.c.h; path = download.h; sourceTree = "<group>"; };
		878587571D89D1C1008689F0 /* endianness.h */ = {isa = PBXFileReference; fileEncoding = 4; lastKnownFileType = sourcecode.c.h; path = endianness.h; sourceTree = "<group>"; };
		878587581D89D1C1008689F0 /* fdr.c */ = {isa = PBXFileReference; fileEncoding = 4; lastKnownFileType = sourcecode.c.c; path = fdr.c; sourceTree = "<group>"; };
		878587591D89D1C1008689F0 /* fdr.h */ = {isa = PBXFileReference; fileEncoding = 4; lastKnownFileType = sourcecode.c.h; path = fdr.h; sourceTree = "<group>"; };
		8785875A1D89D1C1008689F0 /* fls.c */ = {isa = PBXFileReference; fileEncoding = 4; lastKnownFileType = sourcecode.c.c; path = fls.c; sourceTree = "<group>"; };
		8785875B1D89D1C1008689F0 /* fls.h */ = {isa = PBXFileReference; fileEncoding = 4; lastKnownFileType = sourcecode.c.h; path = fls.h; sourceTree = "<group>"; };
		8785875C1D89D1C1008689F0 /* idevicerestore.c */ = {isa = PBXFileReference; fileEncoding = 4; lastKnownFileType = sourcecode.c.c; path = idevicerestore.c; sourceTree = "<group>"; };
		8785875D1D89D1C1008689F0 /* idevicerestore.h */ = {isa = PBXFileReference; fileEncoding = 4; lastKnownFileType = sourcecode.c.h; path = idevicerestore.h; sourceTree = "<group>"; };
		8785875E1D89D1C1008689F0 /* img3.c */ = {isa = PBXFileReference; fileEncoding = 4; lastKnownFileType = sourcecode.c.c; path = img3.c; sourceTree = "<group>"; };
		8785875F1D89D1C1008689F0 /* img3.h */ = {isa = PBXFileReference; fileEncoding = 4; lastKnownFileType = sourcecode.c.h; path = img3.h; sourceTree = "<group>"; };
		878587601D89D1C1008689F0 /* img4.c */ = {isa = PBXFileReference; fileEncoding = 4; lastKnownFileType = sourcecode.c.c; path = img4.c; sourceTree = "<group>"; };
		878587611D89D1C1008689F0 /* img4.h */ = {isa = PBXFileReference; fileEncoding = 4; lastKnownFileType = sourcecode.c.h; path = img4.h; sourceTree = "<group>"; };
		878587621D89D1C1008689F0 /* ipsw.c */ = {isa = PBXFileReference; fileEncoding = 4; lastKnownFileType = sourcecode.c.c; path = ipsw.c; sourceTree = "<group>"; };
		878587631D89D1C1008689F0 /* ipsw.h */ = {isa = PBXFileReference; fileEncoding = 4; lastKnownFileType = sourcecode.c.h; path = ipsw.h; sourceTree = "<group>"; };
		878587641D89D1C1008689F0 /* limera1n.c */ = {isa = PBXFileReference; fileEncoding = 4; lastKnownFileType = sourcecode.c.c; path = limera1n.c; sourceTree = "<group>"; };
		878587651D89D1C1008689F0 /* limera1n.h */ = {isa = PBXFileReference; fileEncoding = 4; lastKnownFileType = sourcecode.c.h; path = limera1n.h; sourceTree = "<group>"; };
		878587661D89D1C1008689F0 /* limera1n_payload.h */ = {isa = PBXFileReference; fileEncoding = 4; lastKnownFileType = sourcecode.c.h; path = limera1n_payload.h; sourceTree = "<group>"; };
		878587671D89D1C1008689F0 /* locking.c */ = {isa = PBXFileReference; fileEncoding = 4; lastKnownFileType = sourcecode.c.c; path = locking.c; sourceTree = "<group>"; };
		878587681D89D1C1008689F0 /* locking.h */ = {isa = PBXFileReference; fileEncoding = 4; lastKnownFileType = sourcecode.c.h; path = locking.h; sourceTree = "<group>"; };
		8785876A1D89D1C1008689F0 /* mbn.c */ = {isa = PBXFileReference; fileEncoding = 4; lastKnownFileType = sourcecode.c.c; path = mbn.c; sourceTree = "<group>"; };
		8785876B1D89D1C1008689F0 /* mbn.h */ = {isa = PBXFileReference; fileEncoding = 4; lastKnownFileType = sourcecode.c.h; path = mbn.h; sourceTree = "<group>"; };
		8785876C1D89D1C1008689F0 /* normal.c */ = {isa = PBXFileReference; fileEncoding = 4; lastKnownFileType = sourcecode.c.c; path = normal.c; sourceTree = "<group>"; };
		8785876D1D89D1C1008689F0 /* normal.h */ = {isa = PBXFileReference; fileEncoding = 4; lastKnownFileType = sourcecode.c.h; path = normal.h; sourceTree = "<group>"; };
		8785876E1D89D1C1008689F0 /* recovery.c */ = {isa = PBXFileReference; fileEncoding = 4; lastKnownFileType = sourcecode.c.c; path = recovery.c; sourceTree = "<group>"; };
		8785876F1D89D1C1008689F0 /* recovery.h */ = {isa = PBXFileReference; fileEncoding = 4; lastKnownFileType = sourcecode.c.h; path = recovery.h; sourceTree = "<group>"; };
		878587701D89D1C1008689F0 /* restore.c */ = {isa = PBXFileReference; fileEncoding = 4; lastKnownFileType = sourcecode.c.c; path = restore.c; sourceTree = "<group>"; };
		878587711D89D1C1008689F0 /* restore.h */ = {isa = PBXFileReference; fileEncoding = 4; lastKnownFileType = sourcecode.c.h; path = restore.h; sourceTree = "<group>"; };
		878587721D89D1C1008689F0 /* socket.c */ = {isa = PBXFileReference; fileEncoding = 4; lastKnownFileType = sourcecode.c.c; path = socket.c; sourceTree = "<group>"; };
		878587731D89D1C1008689F0 /* socket.h */ = {isa = PBXFileReference; fileEncoding = 4; lastKnownFileType = sourcecode.c.h; path = socket.h; sourceTree = "<group>"; };
		878587741D89D1C1008689F0 /* thread.c */ = {isa = PBXFileReference; fileEncoding = 4; lastKnownFileType = sourcecode.c.c; path = thread.c; sourceTree = "<group>"; };
		878587751D89D1C1008689F0 /* thread.h */ = {isa = PBXFileReference; fileEncoding = 4; lastKnownFileType = sourcecode.c.h; path = thread.h; sourceTree = "<group>"; };
		878587761D89D1C1008689F0 /* tss.c */ = {isa = PBXFileReference; fileEncoding = 4; lastKnownFileType = sourcecode.c.c; path = tss.c; sourceTree = "<group>"; };
		878587771D89D1C1008689F0 /* tss.h */ = {isa = PBXFileReference; fileEncoding = 4; lastKnownFileType = sourcecode.c.h; path = tss.h; sourceTree = "<group>"; };
		8785878C1D89D1ED008689F0 /* all_img4tool.h */ = {isa = PBXFileReference; fileEncoding = 4; lastKnownFileType = sourcecode.c.h; path = all_img4tool.h; sourceTree = "<group>"; };
		8785878E1D89D1ED008689F0 /* img4.c */ = {isa = PBXFileReference; fileEncoding = 4; lastKnownFileType = sourcecode.c.c; path = img4.c; sourceTree = "<group>"; };
		8785878F1D89D1ED008689F0 /* img4.h */ = {isa = PBXFileReference; fileEncoding = 4; lastKnownFileType = sourcecode.c.h; path = img4.h; sourceTree = "<group>"; };
		878587901D89D1ED008689F0 /* img4tool.c */ = {isa = PBXFileReference; fileEncoding = 4; lastKnownFileType = sourcecode.c.c; path = img4tool.c; sourceTree = "<group>"; };
		878587941D89D243008689F0 /* img4tool.h */ = {isa = PBXFileReference; lastKnownFileType = sourcecode.c.h; path = img4tool.h; sourceTree = "<group>"; };
		878587951D89D290008689F0 /* config.h */ = {isa = PBXFileReference; lastKnownFileType = sourcecode.c.h; path = config.h; sourceTree = "<group>"; };
		878587971D89D2BA008689F0 /* all_tsschecker.h */ = {isa = PBXFileReference; fileEncoding = 4; lastKnownFileType = sourcecode.c.h; path = all_tsschecker.h; sourceTree = "<group>"; };
		878587981D89D2BA008689F0 /* download.c */ = {isa = PBXFileReference; fileEncoding = 4; lastKnownFileType = sourcecode.c.c; path = download.c; sourceTree = "<group>"; };
		878587991D89D2BA008689F0 /* download.h */ = {isa = PBXFileReference; fileEncoding = 4; lastKnownFileType = sourcecode.c.h; path = download.h; sourceTree = "<group>"; };
		8785879A1D89D2BA008689F0 /* jsmn.c */ = {isa = PBXFileReference; fileEncoding = 4; lastKnownFileType = sourcecode.c.c; path = jsmn.c; sourceTree = "<group>"; };
		8785879B1D89D2BA008689F0 /* jsmn.h */ = {isa = PBXFileReference; fileEncoding = 4; lastKnownFileType = sourcecode.c.h; path = jsmn.h; sourceTree = "<group>"; };
		8785879F1D89D2BA008689F0 /* tsschecker.c */ = {isa = PBXFileReference; fileEncoding = 4; lastKnownFileType = sourcecode.c.c; path = tsschecker.c; sourceTree = "<group>"; };
		878587A01D89D2BA008689F0 /* tsschecker.h */ = {isa = PBXFileReference; fileEncoding = 4; lastKnownFileType = sourcecode.c.h; path = tsschecker.h; sourceTree = "<group>"; };
		878587A61D89D56E008689F0 /* libplist.3.dylib */ = {isa = PBXFileReference; lastKnownFileType = "compiled.mach-o.dylib"; name = libplist.3.dylib; path = ../../../../usr/local/lib/libplist.3.dylib; sourceTree = "<group>"; };
		878587A81D89D578008689F0 /* libirecovery.1.dylib */ = {isa = PBXFileReference; lastKnownFileType = "compiled.mach-o.dylib"; name = libirecovery.1.dylib; path = ../../../../usr/local/lib/libirecovery.1.dylib; sourceTree = "<group>"; };
		878587AA1D89D590008689F0 /* libimobiledevice.6.dylib */ = {isa = PBXFileReference; lastKnownFileType = "compiled.mach-o.dylib"; name = libimobiledevice.6.dylib; path = ../../../../usr/local/lib/libimobiledevice.6.dylib; sourceTree = "<group>"; };
		878587AC1D89D59E008689F0 /* libz.tbd */ = {isa = PBXFileReference; lastKnownFileType = "sourcecode.text-based-dylib-definition"; name = libz.tbd; path = usr/lib/libz.tbd; sourceTree = SDKROOT; };
		878587AE1D89D5A5008689F0 /* libcurl.tbd */ = {isa = PBXFileReference; lastKnownFileType = "sourcecode.text-based-dylib-definition"; name = libcurl.tbd; path = usr/lib/libcurl.tbd; sourceTree = SDKROOT; };
		878587B21D89D5D5008689F0 /* libzip.4.dylib */ = {isa = PBXFileReference; lastKnownFileType = "compiled.mach-o.dylib"; name = libzip.4.dylib; path = ../../../../usr/local/lib/libzip.4.dylib; sourceTree = "<group>"; };
		878587B41D89D5E6008689F0 /* libpartialzip-1.0.0.dylib */ = {isa = PBXFileReference; lastKnownFileType = "compiled.mach-o.dylib"; name = "libpartialzip-1.0.0.dylib"; path = "../../../../usr/local/lib/libpartialzip-1.0.0.dylib"; sourceTree = "<group>"; };
		878587B61D89D637008689F0 /* libirecovery.2.dylib */ = {isa = PBXFileReference; lastKnownFileType = "compiled.mach-o.dylib"; name = libirecovery.2.dylib; path = ../../../../usr/local/lib/libirecovery.2.dylib; sourceTree = "<group>"; };
		8788A6801EE8426A00138E07 /* libipatcher.0.dylib */ = {isa = PBXFileReference; lastKnownFileType = "compiled.mach-o.dylib"; name = libipatcher.0.dylib; path = ../../../../usr/local/lib/libipatcher.0.dylib; sourceTree = "<group>"; };
		8788A6821EE8544000138E07 /* jssy.c */ = {isa = PBXFileReference; lastKnownFileType = sourcecode.c.c; name = jssy.c; path = external/tsschecker/external/jssy/jssy/jssy.c; sourceTree = "<group>"; };
		878E1AC41F73EB3F00B1565B /* libzip.5.dylib */ = {isa = PBXFileReference; lastKnownFileType = "compiled.mach-o.dylib"; name = libzip.5.dylib; path = ../../../../usr/local/Cellar/libzip/1.3.0/lib/libzip.5.dylib; sourceTree = "<group>"; };
		8799B0B01D89D99D002F4D5F /* futurerestore.cpp */ = {isa = PBXFileReference; fileEncoding = 4; lastKnownFileType = sourcecode.cpp.cpp; path = futurerestore.cpp; sourceTree = "<group>"; };
		8799B0B11D89D99D002F4D5F /* futurerestore.hpp */ = {isa = PBXFileReference; fileEncoding = 4; lastKnownFileType = sourcecode.cpp.h; path = futurerestore.hpp; sourceTree = "<group>"; };
		87F574C51E151D42008D5C4D /* libcrypto.dylib */ = {isa = PBXFileReference; lastKnownFileType = "compiled.mach-o.dylib"; name = libcrypto.dylib; path = ../../../../usr/lib/libcrypto.dylib; sourceTree = "<group>"; };
		87F574C71E151DA6008D5C4D /* libcommonCrypto.tbd */ = {isa = PBXFileReference; lastKnownFileType = "sourcecode.text-based-dylib-definition"; name = libcommonCrypto.tbd; path = usr/lib/system/libcommonCrypto.tbd; sourceTree = SDKROOT; };
		87F574CA1E151E97008D5C4D /* libfragmentzip.0.dylib */ = {isa = PBXFileReference; lastKnownFileType = "compiled.mach-o.dylib"; name = libfragmentzip.0.dylib; path = ../../../../usr/local/lib/libfragmentzip.0.dylib; sourceTree = "<group>"; };
		87F574CC1E151EF8008D5C4D /* libcorecrypto.tbd */ = {isa = PBXFileReference; lastKnownFileType = "sourcecode.text-based-dylib-definition"; name = libcorecrypto.tbd; path = usr/lib/system/libcorecrypto.tbd; sourceTree = SDKROOT; };
		87F574CE1E151F11008D5C4D /* libSystem.tbd */ = {isa = PBXFileReference; lastKnownFileType = "sourcecode.text-based-dylib-definition"; name = libSystem.tbd; path = usr/lib/libSystem.tbd; sourceTree = SDKROOT; };
/* End PBXFileReference section */

/* Begin PBXFrameworksBuildPhase section */
		878587401D89CFDC008689F0 /* Frameworks */ = {
			isa = PBXFrameworksBuildPhase;
			buildActionMask = 2147483647;
			files = (
				878E1AC51F73EB3F00B1565B /* libzip.5.dylib in Frameworks */,
				878587AD1D89D59E008689F0 /* libz.tbd in Frameworks */,
				8788A6811EE8426A00138E07 /* libipatcher.0.dylib in Frameworks */,
				87F574D01E151F44008D5C4D /* libcrypto.dylib in Frameworks */,
				87F574CB1E151E97008D5C4D /* libfragmentzip.0.dylib in Frameworks */,
				878587B71D89D637008689F0 /* libirecovery.2.dylib in Frameworks */,
				878587AF1D89D5A5008689F0 /* libcurl.tbd in Frameworks */,
				878587AB1D89D590008689F0 /* libimobiledevice.6.dylib in Frameworks */,
				878587A71D89D56E008689F0 /* libplist.3.dylib in Frameworks */,
			);
			runOnlyForDeploymentPostprocessing = 0;
		};
/* End PBXFrameworksBuildPhase section */

/* Begin PBXGroup section */
		8785873A1D89CFDC008689F0 = {
			isa = PBXGroup;
			children = (
				8788A6821EE8544000138E07 /* jssy.c */,
				878587B61D89D637008689F0 /* libirecovery.2.dylib */,
				878587B41D89D5E6008689F0 /* libpartialzip-1.0.0.dylib */,
				878587B21D89D5D5008689F0 /* libzip.4.dylib */,
				878587AE1D89D5A5008689F0 /* libcurl.tbd */,
				878587AC1D89D59E008689F0 /* libz.tbd */,
				878587AA1D89D590008689F0 /* libimobiledevice.6.dylib */,
				878587A81D89D578008689F0 /* libirecovery.1.dylib */,
				878587A61D89D56E008689F0 /* libplist.3.dylib */,
				878587451D89CFDC008689F0 /* futurerestore */,
				878587441D89CFDC008689F0 /* Products */,
				87F574C21E151CDE008D5C4D /* Frameworks */,
			);
			sourceTree = "<group>";
		};
		878587441D89CFDC008689F0 /* Products */ = {
			isa = PBXGroup;
			children = (
				878587431D89CFDC008689F0 /* futurerestore */,
			);
			name = Products;
			sourceTree = "<group>";
		};
		878587451D89CFDC008689F0 /* futurerestore */ = {
			isa = PBXGroup;
			children = (
				878587951D89D290008689F0 /* config.h */,
				8785874D1D89D1A4008689F0 /* external */,
				8799B0B11D89D99D002F4D5F /* futurerestore.hpp */,
				8799B0B01D89D99D002F4D5F /* futurerestore.cpp */,
				878587461D89CFDC008689F0 /* main.cpp */,
			);
			path = futurerestore;
			sourceTree = "<group>";
		};
		8785874D1D89D1A4008689F0 /* external */ = {
			isa = PBXGroup;
			children = (
				878587961D89D2BA008689F0 /* tsschecker */,
				8785878B1D89D1ED008689F0 /* img4tool */,
				8785874E1D89D1C1008689F0 /* idevicerestore */,
			);
			name = external;
			sourceTree = "<group>";
		};
		8785874E1D89D1C1008689F0 /* idevicerestore */ = {
			isa = PBXGroup;
			children = (
				8785874F1D89D1C1008689F0 /* asr.c */,
				878587501D89D1C1008689F0 /* asr.h */,
				878587511D89D1C1008689F0 /* common.c */,
				878587521D89D1C1008689F0 /* common.h */,
				878587531D89D1C1008689F0 /* dfu.c */,
				878587541D89D1C1008689F0 /* dfu.h */,
				878587551D89D1C1008689F0 /* download.c */,
				878587561D89D1C1008689F0 /* download.h */,
				878587571D89D1C1008689F0 /* endianness.h */,
				878587581D89D1C1008689F0 /* fdr.c */,
				878587591D89D1C1008689F0 /* fdr.h */,
				8785875A1D89D1C1008689F0 /* fls.c */,
				8785875B1D89D1C1008689F0 /* fls.h */,
				8785875C1D89D1C1008689F0 /* idevicerestore.c */,
				8785875D1D89D1C1008689F0 /* idevicerestore.h */,
				8785875E1D89D1C1008689F0 /* img3.c */,
				8785875F1D89D1C1008689F0 /* img3.h */,
				878587601D89D1C1008689F0 /* img4.c */,
				878587611D89D1C1008689F0 /* img4.h */,
				878587621D89D1C1008689F0 /* ipsw.c */,
				878587631D89D1C1008689F0 /* ipsw.h */,
				878587641D89D1C1008689F0 /* limera1n.c */,
				878587651D89D1C1008689F0 /* limera1n.h */,
				878587661D89D1C1008689F0 /* limera1n_payload.h */,
				878587671D89D1C1008689F0 /* locking.c */,
				878587681D89D1C1008689F0 /* locking.h */,
				8785876A1D89D1C1008689F0 /* mbn.c */,
				8785876B1D89D1C1008689F0 /* mbn.h */,
				8785876C1D89D1C1008689F0 /* normal.c */,
				8785876D1D89D1C1008689F0 /* normal.h */,
				8785876E1D89D1C1008689F0 /* recovery.c */,
				8785876F1D89D1C1008689F0 /* recovery.h */,
				878587701D89D1C1008689F0 /* restore.c */,
				878587711D89D1C1008689F0 /* restore.h */,
				878587721D89D1C1008689F0 /* socket.c */,
				878587731D89D1C1008689F0 /* socket.h */,
				878587741D89D1C1008689F0 /* thread.c */,
				878587751D89D1C1008689F0 /* thread.h */,
				878587761D89D1C1008689F0 /* tss.c */,
				878587771D89D1C1008689F0 /* tss.h */,
			);
			name = idevicerestore;
			path = external/idevicerestore/src;
			sourceTree = SOURCE_ROOT;
		};
		8785878B1D89D1ED008689F0 /* img4tool */ = {
			isa = PBXGroup;
			children = (
				8785878C1D89D1ED008689F0 /* all_img4tool.h */,
				8785878F1D89D1ED008689F0 /* img4.h */,
				8785878E1D89D1ED008689F0 /* img4.c */,
				878587941D89D243008689F0 /* img4tool.h */,
				878587901D89D1ED008689F0 /* img4tool.c */,
			);
			name = img4tool;
			path = external/img4tool/img4tool;
			sourceTree = SOURCE_ROOT;
		};
		878587961D89D2BA008689F0 /* tsschecker */ = {
			isa = PBXGroup;
			children = (
				878587971D89D2BA008689F0 /* all_tsschecker.h */,
				878587991D89D2BA008689F0 /* download.h */,
				878587981D89D2BA008689F0 /* download.c */,
				8785879B1D89D2BA008689F0 /* jsmn.h */,
				8785879A1D89D2BA008689F0 /* jsmn.c */,
				878587A01D89D2BA008689F0 /* tsschecker.h */,
				8785879F1D89D2BA008689F0 /* tsschecker.c */,
			);
			name = tsschecker;
			path = external/tsschecker/tsschecker;
			sourceTree = SOURCE_ROOT;
		};
		87F574C21E151CDE008D5C4D /* Frameworks */ = {
			isa = PBXGroup;
			children = (
				878E1AC41F73EB3F00B1565B /* libzip.5.dylib */,
				8788A6801EE8426A00138E07 /* libipatcher.0.dylib */,
				87F574CE1E151F11008D5C4D /* libSystem.tbd */,
				87F574CC1E151EF8008D5C4D /* libcorecrypto.tbd */,
				87F574CA1E151E97008D5C4D /* libfragmentzip.0.dylib */,
				87F574C71E151DA6008D5C4D /* libcommonCrypto.tbd */,
				87F574C51E151D42008D5C4D /* libcrypto.dylib */,
			);
			name = Frameworks;
			sourceTree = "<group>";
		};
/* End PBXGroup section */

/* Begin PBXNativeTarget section */
		878587421D89CFDC008689F0 /* futurerestore */ = {
			isa = PBXNativeTarget;
			buildConfigurationList = 8785874A1D89CFDC008689F0 /* Build configuration list for PBXNativeTarget "futurerestore" */;
			buildPhases = (
				8785873F1D89CFDC008689F0 /* Sources */,
				878587401D89CFDC008689F0 /* Frameworks */,
				878587411D89CFDC008689F0 /* CopyFiles */,
			);
			buildRules = (
			);
			dependencies = (
			);
			name = futurerestore;
			productName = futurerestore;
			productReference = 878587431D89CFDC008689F0 /* futurerestore */;
			productType = "com.apple.product-type.tool";
		};
/* End PBXNativeTarget section */

/* Begin PBXProject section */
		8785873B1D89CFDC008689F0 /* Project object */ = {
			isa = PBXProject;
			attributes = {
				LastUpgradeCheck = 0730;
				ORGANIZATIONNAME = tihmstar;
				TargetAttributes = {
					878587421D89CFDC008689F0 = {
						CreatedOnToolsVersion = 7.3.1;
					};
				};
			};
			buildConfigurationList = 8785873E1D89CFDC008689F0 /* Build configuration list for PBXProject "futurerestore" */;
			compatibilityVersion = "Xcode 3.2";
			developmentRegion = English;
			hasScannedForEncodings = 0;
			knownRegions = (
				en,
			);
			mainGroup = 8785873A1D89CFDC008689F0;
			productRefGroup = 878587441D89CFDC008689F0 /* Products */;
			projectDirPath = "";
			projectRoot = "";
			targets = (
				878587421D89CFDC008689F0 /* futurerestore */,
			);
		};
/* End PBXProject section */

/* Begin PBXSourcesBuildPhase section */
		8785873F1D89CFDC008689F0 /* Sources */ = {
			isa = PBXSourcesBuildPhase;
			buildActionMask = 2147483647;
			files = (
				8788A6831EE8544000138E07 /* jssy.c in Sources */,
				8799B0C11D89DB38002F4D5F /* fls.c in Sources */,
				8799B0B41D89DAF6002F4D5F /* tss.c in Sources */,
				8799B0C01D89DB38002F4D5F /* fdr.c in Sources */,
				8799B0BC1D89DB27002F4D5F /* ipsw.c in Sources */,
				8799B0CC1D89F7B9002F4D5F /* download.c in Sources */,
				8799B0B91D89DB0D002F4D5F /* img3.c in Sources */,
				8799B0B51D89DAFF002F4D5F /* common.c in Sources */,
				8799B0C41D89DB55002F4D5F /* mbn.c in Sources */,
				8799B0B81D89DAFF002F4D5F /* recovery.c in Sources */,
				8799B0B31D89DAE7002F4D5F /* idevicerestore.c in Sources */,
				8799B0C81D89E2BD002F4D5F /* img4tool.c in Sources */,
				8799B0BB1D89DB12002F4D5F /* download.c in Sources */,
				8799B0B71D89DAFF002F4D5F /* normal.c in Sources */,
				8799B0C31D89DB4B002F4D5F /* socket.c in Sources */,
				8799B0C21D89DB46002F4D5F /* thread.c in Sources */,
				8799B0B61D89DAFF002F4D5F /* dfu.c in Sources */,
				8799B0BD1D89DB27002F4D5F /* limera1n.c in Sources */,
				8799B0C51D89DB67002F4D5F /* locking.c in Sources */,
				878587471D89CFDC008689F0 /* main.cpp in Sources */,
				8799B0BF1D89DB38002F4D5F /* asr.c in Sources */,
				8799B0BE1D89DB27002F4D5F /* restore.c in Sources */,
				8799B0CB1D89F796002F4D5F /* tsschecker.c in Sources */,
				8799B0C91D89E2C3002F4D5F /* img4.c in Sources */,
				8799B0CA1D89E371002F4D5F /* img4.c in Sources */,
				8799B0B21D89D99D002F4D5F /* futurerestore.cpp in Sources */,
			);
			runOnlyForDeploymentPostprocessing = 0;
		};
/* End PBXSourcesBuildPhase section */

/* Begin XCBuildConfiguration section */
		878587481D89CFDC008689F0 /* Debug */ = {
			isa = XCBuildConfiguration;
			buildSettings = {
				ALWAYS_SEARCH_USER_PATHS = NO;
				CLANG_ANALYZER_NONNULL = YES;
				CLANG_CXX_LANGUAGE_STANDARD = "gnu++0x";
				CLANG_CXX_LIBRARY = "libc++";
				CLANG_ENABLE_MODULES = YES;
				CLANG_ENABLE_OBJC_ARC = YES;
				CLANG_WARN_BOOL_CONVERSION = YES;
				CLANG_WARN_CONSTANT_CONVERSION = YES;
				CLANG_WARN_DIRECT_OBJC_ISA_USAGE = YES_ERROR;
				CLANG_WARN_EMPTY_BODY = YES;
				CLANG_WARN_ENUM_CONVERSION = YES;
				CLANG_WARN_INT_CONVERSION = YES;
				CLANG_WARN_OBJC_ROOT_CLASS = YES_ERROR;
				CLANG_WARN_UNREACHABLE_CODE = YES;
				CLANG_WARN__DUPLICATE_METHOD_MATCH = YES;
				CODE_SIGN_IDENTITY = "-";
				COPY_PHASE_STRIP = NO;
				DEBUG_INFORMATION_FORMAT = dwarf;
				ENABLE_STRICT_OBJC_MSGSEND = YES;
				ENABLE_TESTABILITY = YES;
				GCC_C_LANGUAGE_STANDARD = gnu99;
				GCC_DYNAMIC_NO_PIC = NO;
				GCC_NO_COMMON_BLOCKS = YES;
				GCC_OPTIMIZATION_LEVEL = 0;
				GCC_PREPROCESSOR_DEFINITIONS = (
					"DEBUG=1",
					"$(inherited)",
				);
				GCC_WARN_64_TO_32_BIT_CONVERSION = YES;
				GCC_WARN_ABOUT_RETURN_TYPE = YES_ERROR;
				GCC_WARN_UNDECLARED_SELECTOR = YES;
				GCC_WARN_UNINITIALIZED_AUTOS = YES_AGGRESSIVE;
				GCC_WARN_UNUSED_FUNCTION = YES;
				GCC_WARN_UNUSED_VARIABLE = YES;
				MACOSX_DEPLOYMENT_TARGET = 10.11;
				MTL_ENABLE_DEBUG_INFO = YES;
				ONLY_ACTIVE_ARCH = YES;
				SDKROOT = macosx;
			};
			name = Debug;
		};
		878587491D89CFDC008689F0 /* Release */ = {
			isa = XCBuildConfiguration;
			buildSettings = {
				ALWAYS_SEARCH_USER_PATHS = NO;
				CLANG_ANALYZER_NONNULL = YES;
				CLANG_CXX_LANGUAGE_STANDARD = "gnu++0x";
				CLANG_CXX_LIBRARY = "libc++";
				CLANG_ENABLE_MODULES = YES;
				CLANG_ENABLE_OBJC_ARC = YES;
				CLANG_WARN_BOOL_CONVERSION = YES;
				CLANG_WARN_CONSTANT_CONVERSION = YES;
				CLANG_WARN_DIRECT_OBJC_ISA_USAGE = YES_ERROR;
				CLANG_WARN_EMPTY_BODY = YES;
				CLANG_WARN_ENUM_CONVERSION = YES;
				CLANG_WARN_INT_CONVERSION = YES;
				CLANG_WARN_OBJC_ROOT_CLASS = YES_ERROR;
				CLANG_WARN_UNREACHABLE_CODE = YES;
				CLANG_WARN__DUPLICATE_METHOD_MATCH = YES;
				CODE_SIGN_IDENTITY = "-";
				COPY_PHASE_STRIP = NO;
				DEBUG_INFORMATION_FORMAT = "dwarf-with-dsym";
				ENABLE_NS_ASSERTIONS = NO;
				ENABLE_STRICT_OBJC_MSGSEND = YES;
				GCC_C_LANGUAGE_STANDARD = gnu99;
				GCC_NO_COMMON_BLOCKS = YES;
				GCC_WARN_64_TO_32_BIT_CONVERSION = YES;
				GCC_WARN_ABOUT_RETURN_TYPE = YES_ERROR;
				GCC_WARN_UNDECLARED_SELECTOR = YES;
				GCC_WARN_UNINITIALIZED_AUTOS = YES_AGGRESSIVE;
				GCC_WARN_UNUSED_FUNCTION = YES;
				GCC_WARN_UNUSED_VARIABLE = YES;
				MACOSX_DEPLOYMENT_TARGET = 10.11;
				MTL_ENABLE_DEBUG_INFO = NO;
				SDKROOT = macosx;
			};
			name = Release;
		};
		8785874B1D89CFDC008689F0 /* Debug */ = {
			isa = XCBuildConfiguration;
			buildSettings = {
				ALWAYS_SEARCH_USER_PATHS = YES;
				HEADER_SEARCH_PATHS = "";
				LIBRARY_SEARCH_PATHS = (
					/usr/local/lib,
					/usr/lib,
					/usr/local/opt/openssl/lib,
					"$(SDKROOT)/usr/lib/system",
					/usr/local/Cellar/libzip/1.3.0/lib,
				);
				OTHER_CFLAGS = "-DHAVE_LIBIPATCHER";
				PRODUCT_NAME = "$(TARGET_NAME)";
				USER_HEADER_SEARCH_PATHS = "/usr/local/opt/openssl/include /usr/local/include $(SRCROOT)/external/tsschecker/external/jssy/jssy";
			};
			name = Debug;
		};
		8785874C1D89CFDC008689F0 /* Release */ = {
			isa = XCBuildConfiguration;
			buildSettings = {
				ALWAYS_SEARCH_USER_PATHS = YES;
				HEADER_SEARCH_PATHS = "";
				LIBRARY_SEARCH_PATHS = (
					/usr/local/lib,
					/usr/lib,
					/usr/local/opt/openssl/lib,
					"$(SDKROOT)/usr/lib/system",
					/usr/local/Cellar/libzip/1.3.0/lib,
				);
				OTHER_CFLAGS = "-DHAVE_LIBIPATCHER";
				PRODUCT_NAME = "$(TARGET_NAME)";
				USER_HEADER_SEARCH_PATHS = "/usr/local/opt/openssl/include /usr/local/include $(SRCROOT)/external/tsschecker/external/jssy/jssy";
			};
			name = Release;
		};
/* End XCBuildConfiguration section */

/* Begin XCConfigurationList section */
		8785873E1D89CFDC008689F0 /* Build configuration list for PBXProject "futurerestore" */ = {
			isa = XCConfigurationList;
			buildConfigurations = (
				878587481D89CFDC008689F0 /* Debug */,
				878587491D89CFDC008689F0 /* Release */,
			);
			defaultConfigurationIsVisible = 0;
			defaultConfigurationName = Release;
		};
		8785874A1D89CFDC008689F0 /* Build configuration list for PBXNativeTarget "futurerestore" */ = {
			isa = XCConfigurationList;
			buildConfigurations = (
				8785874B1D89CFDC008689F0 /* Debug */,
				8785874C1D89CFDC008689F0 /* Release */,
			);
			defaultConfigurationIsVisible = 0;
			defaultConfigurationName = Release;
		};
/* End XCConfigurationList section */
	};
	rootObject = 8785873B1D89CFDC008689F0 /* Project object */;
}
